
Microsoft Visual Studio Solution File, Format Version 12.00
# Visual Studio 15
VisualStudioVersion = 15.0.26730.12
MinimumVisualStudioVersion = 10.0.40219.1
Project("{FAE04EC0-301F-11D3-BF4B-00C04F79EFBC}") = "Car_pooling_Web_engineering", "car\Car_pooling_Web_engineering.csproj", "{6377B57B-E7DB-4740-A24E-765CDE73B2A5}"
EndProject
Project("{FAE04EC0-301F-11D3-BF4B-00C04F79EFBC}") = "Car_pooling_Web_engineering.Tests", "car.Tests\Car_pooling_Web_engineering.Tests.csproj", "{E25D3644-F4DD-418F-BE7E-0301E36A706B}"
EndProject
Global
	GlobalSection(SolutionConfigurationPlatforms) = preSolution
		Debug|Any CPU = Debug|Any CPU
		Release|Any CPU = Release|Any CPU
	EndGlobalSection
	GlobalSection(ProjectConfigurationPlatforms) = postSolution
		{6377B57B-E7DB-4740-A24E-765CDE73B2A5}.Debug|Any CPU.ActiveCfg = Debug|Any CPU
		{6377B57B-E7DB-4740-A24E-765CDE73B2A5}.Debug|Any CPU.Build.0 = Debug|Any CPU
		{6377B57B-E7DB-4740-A24E-765CDE73B2A5}.Release|Any CPU.ActiveCfg = Release|Any CPU
		{6377B57B-E7DB-4740-A24E-765CDE73B2A5}.Release|Any CPU.Build.0 = Release|Any CPU
		{E25D3644-F4DD-418F-BE7E-0301E36A706B}.Debug|Any CPU.ActiveCfg = Debug|Any CPU
		{E25D3644-F4DD-418F-BE7E-0301E36A706B}.Debug|Any CPU.Build.0 = Debug|Any CPU
		{E25D3644-F4DD-418F-BE7E-0301E36A706B}.Release|Any CPU.ActiveCfg = Release|Any CPU
		{E25D3644-F4DD-418F-BE7E-0301E36A706B}.Release|Any CPU.Build.0 = Release|Any CPU
	EndGlobalSection
	GlobalSection(SolutionProperties) = preSolution
		HideSolutionNode = FALSE
	EndGlobalSection
	GlobalSection(ExtensibilityGlobals) = postSolution
		SolutionGuid = {FBFD41EC-D241-49F0-8306-8E0DF6A6D0EE}
	EndGlobalSection
EndGlobal
